
Microsoft Visual Studio Solution File, Format Version 12.00
# Visual Studio 15
VisualStudioVersion = 15.0.28010.2016
MinimumVisualStudioVersion = 10.0.40219.1
Project("{9A19103F-16F7-4668-BE54-9A1E7A4F7556}") = "ThomasPoC", "ThomasPoC\ThomasPoC.csproj", "{ACDE8E6C-DD9A-4A5F-8CAA-15666590C208}"
EndProject
Project("{9A19103F-16F7-4668-BE54-9A1E7A4F7556}") = "ThomasPoC.Tests", "ThomasPoC.Tests\ThomasPoC.Tests.csproj", "{BD48E0CD-8957-4981-B16E-7378635A7282}"
EndProject
Project("{9A19103F-16F7-4668-BE54-9A1E7A4F7556}") = "ThomasPoC.Data", "ThomasPoC.Data\ThomasPoC.Data.csproj", "{1EDD620E-84B1-49E4-B045-8C368FCED811}"
EndProject
Global
	GlobalSection(SolutionConfigurationPlatforms) = preSolution
		Debug|Any CPU = Debug|Any CPU
		Release|Any CPU = Release|Any CPU
	EndGlobalSection
	GlobalSection(ProjectConfigurationPlatforms) = postSolution
		{ACDE8E6C-DD9A-4A5F-8CAA-15666590C208}.Debug|Any CPU.ActiveCfg = Debug|Any CPU
		{ACDE8E6C-DD9A-4A5F-8CAA-15666590C208}.Debug|Any CPU.Build.0 = Debug|Any CPU
		{ACDE8E6C-DD9A-4A5F-8CAA-15666590C208}.Release|Any CPU.ActiveCfg = Release|Any CPU
		{ACDE8E6C-DD9A-4A5F-8CAA-15666590C208}.Release|Any CPU.Build.0 = Release|Any CPU
		{BD48E0CD-8957-4981-B16E-7378635A7282}.Debug|Any CPU.ActiveCfg = Debug|Any CPU
		{BD48E0CD-8957-4981-B16E-7378635A7282}.Debug|Any CPU.Build.0 = Debug|Any CPU
		{BD48E0CD-8957-4981-B16E-7378635A7282}.Release|Any CPU.ActiveCfg = Release|Any CPU
		{BD48E0CD-8957-4981-B16E-7378635A7282}.Release|Any CPU.Build.0 = Release|Any CPU
		{1EDD620E-84B1-49E4-B045-8C368FCED811}.Debug|Any CPU.ActiveCfg = Debug|Any CPU
		{1EDD620E-84B1-49E4-B045-8C368FCED811}.Debug|Any CPU.Build.0 = Debug|Any CPU
		{1EDD620E-84B1-49E4-B045-8C368FCED811}.Release|Any CPU.ActiveCfg = Release|Any CPU
		{1EDD620E-84B1-49E4-B045-8C368FCED811}.Release|Any CPU.Build.0 = Release|Any CPU
	EndGlobalSection
	GlobalSection(SolutionProperties) = preSolution
		HideSolutionNode = FALSE
	EndGlobalSection
	GlobalSection(ExtensibilityGlobals) = postSolution
		SolutionGuid = {BBE24F44-08A3-490E-9AB6-8A4091CF6C10}
	EndGlobalSection
EndGlobal
